
Microsoft Visual Studio Solution File, Format Version 12.00
# Visual Studio 15
VisualStudioVersion = 15.0.26124.0
MinimumVisualStudioVersion = 15.0.26124.0
Project("{FAE04EC0-301F-11D3-BF4B-00C04F79EFBC}") = "Domain", "Domain\Domain.csproj", "{86D10DA6-802F-473D-9FE3-0250DABE0B05}"
EndProject
Project("{FAE04EC0-301F-11D3-BF4B-00C04F79EFBC}") = "Application", "Application\Application.csproj", "{BA258836-B7DB-43FC-BEBD-88EF2CD6E000}"
EndProject
Project("{FAE04EC0-301F-11D3-BF4B-00C04F79EFBC}") = "Persistence", "Persistence\Persistence.csproj", "{99AA7E91-8684-43B7-90CB-3BC6E4773572}"
EndProject
Project("{FAE04EC0-301F-11D3-BF4B-00C04F79EFBC}") = "API", "API\API.csproj", "{D7EE2F4A-5287-4994-9C60-B0437CE39873}"
EndProject
Global
	GlobalSection(SolutionConfigurationPlatforms) = preSolution
		Debug|Any CPU = Debug|Any CPU
		Debug|x64 = Debug|x64
		Debug|x86 = Debug|x86
		Release|Any CPU = Release|Any CPU
		Release|x64 = Release|x64
		Release|x86 = Release|x86
	EndGlobalSection
	GlobalSection(SolutionProperties) = preSolution
		HideSolutionNode = FALSE
	EndGlobalSection
	GlobalSection(ProjectConfigurationPlatforms) = postSolution
		{86D10DA6-802F-473D-9FE3-0250DABE0B05}.Debug|Any CPU.ActiveCfg = Debug|Any CPU
		{86D10DA6-802F-473D-9FE3-0250DABE0B05}.Debug|Any CPU.Build.0 = Debug|Any CPU
		{86D10DA6-802F-473D-9FE3-0250DABE0B05}.Debug|x64.ActiveCfg = Debug|Any CPU
		{86D10DA6-802F-473D-9FE3-0250DABE0B05}.Debug|x64.Build.0 = Debug|Any CPU
		{86D10DA6-802F-473D-9FE3-0250DABE0B05}.Debug|x86.ActiveCfg = Debug|Any CPU
		{86D10DA6-802F-473D-9FE3-0250DABE0B05}.Debug|x86.Build.0 = Debug|Any CPU
		{86D10DA6-802F-473D-9FE3-0250DABE0B05}.Release|Any CPU.ActiveCfg = Release|Any CPU
		{86D10DA6-802F-473D-9FE3-0250DABE0B05}.Release|Any CPU.Build.0 = Release|Any CPU
		{86D10DA6-802F-473D-9FE3-0250DABE0B05}.Release|x64.ActiveCfg = Release|Any CPU
		{86D10DA6-802F-473D-9FE3-0250DABE0B05}.Release|x64.Build.0 = Release|Any CPU
		{86D10DA6-802F-473D-9FE3-0250DABE0B05}.Release|x86.ActiveCfg = Release|Any CPU
		{86D10DA6-802F-473D-9FE3-0250DABE0B05}.Release|x86.Build.0 = Release|Any CPU
		{BA258836-B7DB-43FC-BEBD-88EF2CD6E000}.Debug|Any CPU.ActiveCfg = Debug|Any CPU
		{BA258836-B7DB-43FC-BEBD-88EF2CD6E000}.Debug|Any CPU.Build.0 = Debug|Any CPU
		{BA258836-B7DB-43FC-BEBD-88EF2CD6E000}.Debug|x64.ActiveCfg = Debug|Any CPU
		{BA258836-B7DB-43FC-BEBD-88EF2CD6E000}.Debug|x64.Build.0 = Debug|Any CPU
		{BA258836-B7DB-43FC-BEBD-88EF2CD6E000}.Debug|x86.ActiveCfg = Debug|Any CPU
		{BA258836-B7DB-43FC-BEBD-88EF2CD6E000}.Debug|x86.Build.0 = Debug|Any CPU
		{BA258836-B7DB-43FC-BEBD-88EF2CD6E000}.Release|Any CPU.ActiveCfg = Release|Any CPU
		{BA258836-B7DB-43FC-BEBD-88EF2CD6E000}.Release|Any CPU.Build.0 = Release|Any CPU
		{BA258836-B7DB-43FC-BEBD-88EF2CD6E000}.Release|x64.ActiveCfg = Release|Any CPU
		{BA258836-B7DB-43FC-BEBD-88EF2CD6E000}.Release|x64.Build.0 = Release|Any CPU
		{BA258836-B7DB-43FC-BEBD-88EF2CD6E000}.Release|x86.ActiveCfg = Release|Any CPU
		{BA258836-B7DB-43FC-BEBD-88EF2CD6E000}.Release|x86.Build.0 = Release|Any CPU
		{99AA7E91-8684-43B7-90CB-3BC6E4773572}.Debug|Any CPU.ActiveCfg = Debug|Any CPU
		{99AA7E91-8684-43B7-90CB-3BC6E4773572}.Debug|Any CPU.Build.0 = Debug|Any CPU
		{99AA7E91-8684-43B7-90CB-3BC6E4773572}.Debug|x64.ActiveCfg = Debug|Any CPU
		{99AA7E91-8684-43B7-90CB-3BC6E4773572}.Debug|x64.Build.0 = Debug|Any CPU
		{99AA7E91-8684-43B7-90CB-3BC6E4773572}.Debug|x86.ActiveCfg = Debug|Any CPU
		{99AA7E91-8684-43B7-90CB-3BC6E4773572}.Debug|x86.Build.0 = Debug|Any CPU
		{99AA7E91-8684-43B7-90CB-3BC6E4773572}.Release|Any CPU.ActiveCfg = Release|Any CPU
		{99AA7E91-8684-43B7-90CB-3BC6E4773572}.Release|Any CPU.Build.0 = Release|Any CPU
		{99AA7E91-8684-43B7-90CB-3BC6E4773572}.Release|x64.ActiveCfg = Release|Any CPU
		{99AA7E91-8684-43B7-90CB-3BC6E4773572}.Release|x64.Build.0 = Release|Any CPU
		{99AA7E91-8684-43B7-90CB-3BC6E4773572}.Release|x86.ActiveCfg = Release|Any CPU
		{99AA7E91-8684-43B7-90CB-3BC6E4773572}.Release|x86.Build.0 = Release|Any CPU
		{D7EE2F4A-5287-4994-9C60-B0437CE39873}.Debug|Any CPU.ActiveCfg = Debug|Any CPU
		{D7EE2F4A-5287-4994-9C60-B0437CE39873}.Debug|Any CPU.Build.0 = Debug|Any CPU
		{D7EE2F4A-5287-4994-9C60-B0437CE39873}.Debug|x64.ActiveCfg = Debug|Any CPU
		{D7EE2F4A-5287-4994-9C60-B0437CE39873}.Debug|x64.Build.0 = Debug|Any CPU
		{D7EE2F4A-5287-4994-9C60-B0437CE39873}.Debug|x86.ActiveCfg = Debug|Any CPU
		{D7EE2F4A-5287-4994-9C60-B0437CE39873}.Debug|x86.Build.0 = Debug|Any CPU
		{D7EE2F4A-5287-4994-9C60-B0437CE39873}.Release|Any CPU.ActiveCfg = Release|Any CPU
		{D7EE2F4A-5287-4994-9C60-B0437CE39873}.Release|Any CPU.Build.0 = Release|Any CPU
		{D7EE2F4A-5287-4994-9C60-B0437CE39873}.Release|x64.ActiveCfg = Release|Any CPU
		{D7EE2F4A-5287-4994-9C60-B0437CE39873}.Release|x64.Build.0 = Release|Any CPU
		{D7EE2F4A-5287-4994-9C60-B0437CE39873}.Release|x86.ActiveCfg = Release|Any CPU
		{D7EE2F4A-5287-4994-9C60-B0437CE39873}.Release|x86.Build.0 = Release|Any CPU
	EndGlobalSection
EndGlobal
